# THIS IS AN AUTOGENERATED FILE. DO NOT EDIT THIS FILE DIRECTLY.
# yarn lockfile v1


html-to-image@^1.11.13:
  version "1.11.13"
  resolved "https://registry.yarnpkg.com/html-to-image/-/html-to-image-1.11.13.tgz#adbc989c993b7aaf90b629c0cacf833db84d5f43"
  integrity sha512-cuOPoI7WApyhBElTTb9oqsawRvZ0rHhaHwghRLlTuffoD1B2aDemlCruLeZrUIIdvG7gs9xeELEPm6PhuASqrg==
